
Microsoft Visual Studio Solution File, Format Version 12.00
# Visual Studio Version 17
VisualStudioVersion = 17.0.31903.59
MinimumVisualStudioVersion = 10.0.40219.1
Project("{FAE04EC0-301F-11D3-BF4B-00C04F79EFBC}") = "CryptogramSolver", "CryptogramSolver\CryptogramSolver.csproj", "{2ADB5DF3-1808-46E0-B02C-595E93698AF5}"
EndProject
Project("{FAE04EC0-301F-11D3-BF4B-00C04F79EFBC}") = "EnglishCorpusGenerator", "EnglishCorpusGenerator\EnglishCorpusGenerator.csproj", "{AB019568-17F2-4D50-B3B5-433CFD448239}"
EndProject
Global
	GlobalSection(SolutionConfigurationPlatforms) = preSolution
		Debug|Any CPU = Debug|Any CPU
		Debug|x64 = Debug|x64
		Debug|x86 = Debug|x86
		Release|Any CPU = Release|Any CPU
		Release|x64 = Release|x64
		Release|x86 = Release|x86
	EndGlobalSection
	GlobalSection(ProjectConfigurationPlatforms) = postSolution
		{2ADB5DF3-1808-46E0-B02C-595E93698AF5}.Debug|Any CPU.ActiveCfg = Debug|Any CPU
		{2ADB5DF3-1808-46E0-B02C-595E93698AF5}.Debug|Any CPU.Build.0 = Debug|Any CPU
		{2ADB5DF3-1808-46E0-B02C-595E93698AF5}.Debug|x64.ActiveCfg = Debug|Any CPU
		{2ADB5DF3-1808-46E0-B02C-595E93698AF5}.Debug|x64.Build.0 = Debug|Any CPU
		{2ADB5DF3-1808-46E0-B02C-595E93698AF5}.Debug|x86.ActiveCfg = Debug|Any CPU
		{2ADB5DF3-1808-46E0-B02C-595E93698AF5}.Debug|x86.Build.0 = Debug|Any CPU
		{2ADB5DF3-1808-46E0-B02C-595E93698AF5}.Release|Any CPU.ActiveCfg = Release|Any CPU
		{2ADB5DF3-1808-46E0-B02C-595E93698AF5}.Release|Any CPU.Build.0 = Release|Any CPU
		{2ADB5DF3-1808-46E0-B02C-595E93698AF5}.Release|x64.ActiveCfg = Release|Any CPU
		{2ADB5DF3-1808-46E0-B02C-595E93698AF5}.Release|x64.Build.0 = Release|Any CPU
		{2ADB5DF3-1808-46E0-B02C-595E93698AF5}.Release|x86.ActiveCfg = Release|Any CPU
		{2ADB5DF3-1808-46E0-B02C-595E93698AF5}.Release|x86.Build.0 = Release|Any CPU
		{AB019568-17F2-4D50-B3B5-433CFD448239}.Debug|Any CPU.ActiveCfg = Debug|Any CPU
		{AB019568-17F2-4D50-B3B5-433CFD448239}.Debug|Any CPU.Build.0 = Debug|Any CPU
		{AB019568-17F2-4D50-B3B5-433CFD448239}.Debug|x64.ActiveCfg = Debug|Any CPU
		{AB019568-17F2-4D50-B3B5-433CFD448239}.Debug|x64.Build.0 = Debug|Any CPU
		{AB019568-17F2-4D50-B3B5-433CFD448239}.Debug|x86.ActiveCfg = Debug|Any CPU
		{AB019568-17F2-4D50-B3B5-433CFD448239}.Debug|x86.Build.0 = Debug|Any CPU
		{AB019568-17F2-4D50-B3B5-433CFD448239}.Release|Any CPU.ActiveCfg = Release|Any CPU
		{AB019568-17F2-4D50-B3B5-433CFD448239}.Release|Any CPU.Build.0 = Release|Any CPU
		{AB019568-17F2-4D50-B3B5-433CFD448239}.Release|x64.ActiveCfg = Release|Any CPU
		{AB019568-17F2-4D50-B3B5-433CFD448239}.Release|x64.Build.0 = Release|Any CPU
		{AB019568-17F2-4D50-B3B5-433CFD448239}.Release|x86.ActiveCfg = Release|Any CPU
		{AB019568-17F2-4D50-B3B5-433CFD448239}.Release|x86.Build.0 = Release|Any CPU
	EndGlobalSection
	GlobalSection(SolutionProperties) = preSolution
		HideSolutionNode = FALSE
	EndGlobalSection
EndGlobal
